
Microsoft Visual Studio Solution File, Format Version 12.00
# Visual Studio Version 16
VisualStudioVersion = 16.0.31702.278
MinimumVisualStudioVersion = 10.0.40219.1
Project("{FAE04EC0-301F-11D3-BF4B-00C04F79EFBC}") = "PlayGameApp", "PlayGameApp\PlayGameApp.csproj", "{7C08710C-1CA1-4311-A851-0F6E02BC7A66}"
EndProject
Global
	GlobalSection(SolutionConfigurationPlatforms) = preSolution
		Debug|Any CPU = Debug|Any CPU
		Release|Any CPU = Release|Any CPU
	EndGlobalSection
	GlobalSection(ProjectConfigurationPlatforms) = postSolution
		{7C08710C-1CA1-4311-A851-0F6E02BC7A66}.Debug|Any CPU.ActiveCfg = Debug|Any CPU
		{7C08710C-1CA1-4311-A851-0F6E02BC7A66}.Debug|Any CPU.Build.0 = Debug|Any CPU
		{7C08710C-1CA1-4311-A851-0F6E02BC7A66}.Release|Any CPU.ActiveCfg = Release|Any CPU
		{7C08710C-1CA1-4311-A851-0F6E02BC7A66}.Release|Any CPU.Build.0 = Release|Any CPU
	EndGlobalSection
	GlobalSection(SolutionProperties) = preSolution
		HideSolutionNode = FALSE
	EndGlobalSection
	GlobalSection(ExtensibilityGlobals) = postSolution
		SolutionGuid = {53BB3B2F-03B4-46BD-934D-B5567D651A75}
	EndGlobalSection
EndGlobal
